// !$*UTF8*$!
{
	archiveVersion = 1;
	classes = {
	};
	objectVersion = 50;
	objects = {

/* Begin PBXBuildFile section */
		FB550F7224D00282002CAC81 /* AppDelegate.m in Sources */ = {isa = PBXBuildFile; fileRef = FB550F7124D00282002CAC81 /* AppDelegate.m */; };
		FB550F7524D00282002CAC81 /* SceneDelegate.m in Sources */ = {isa = PBXBuildFile; fileRef = FB550F7424D00282002CAC81 /* SceneDelegate.m */; };
		FB550F7B24D00282002CAC81 /* Main.storyboard in Resources */ = {isa = PBXBuildFile; fileRef = FB550F7924D00282002CAC81 /* Main.storyboard */; };
		FB550F7D24D00286002CAC81 /* Assets.xcassets in Resources */ = {isa = PBXBuildFile; fileRef = FB550F7C24D00286002CAC81 /* Assets.xcassets */; };
		FB550F8024D00286002CAC81 /* LaunchScreen.storyboard in Resources */ = {isa = PBXBuildFile; fileRef = FB550F7E24D00286002CAC81 /* LaunchScreen.storyboard */; };
		FB550F8324D00286002CAC81 /* main.m in Sources */ = {isa = PBXBuildFile; fileRef = FB550F8224D00286002CAC81 /* main.m */; };
		FB550F8D24D00286002CAC81 /* ______Tests.m in Sources */ = {isa = PBXBuildFile; fileRef = FB550F8C24D00286002CAC81 /* ______Tests.m */; };
		FB550F9824D00286002CAC81 /* ______UITests.m in Sources */ = {isa = PBXBuildFile; fileRef = FB550F9724D00286002CAC81 /* ______UITests.m */; };
		FB72D06424D0069700BD926E /* StartViewController.m in Sources */ = {isa = PBXBuildFile; fileRef = FB72D06324D0069700BD926E /* StartViewController.m */; };
		FB72D06724D006E700BD926E /* pengpengpeng.jpg in Resources */ = {isa = PBXBuildFile; fileRef = FB72D06524D006E700BD926E /* pengpengpeng.jpg */; };
		FB72D06824D006E700BD926E /* gogogo.jpg in Resources */ = {isa = PBXBuildFile; fileRef = FB72D06624D006E700BD926E /* gogogo.jpg */; };
		FB72D06B24D0071E00BD926E /* LandViewController.m in Sources */ = {isa = PBXBuildFile; fileRef = FB72D06A24D0071E00BD926E /* LandViewController.m */; };
		FB72D06E24D00B8300BD926E /* 笑脸.png in Resources */ = {isa = PBXBuildFile; fileRef = FB72D06C24D00B8300BD926E /* 笑脸.png */; };
		FB72D06F24D00B8300BD926E /* 盾牌.png in Resources */ = {isa = PBXBuildFile; fileRef = FB72D06D24D00B8300BD926E /* 盾牌.png */; };
		FB72D07124D012D100BD926E /* 外星人.png in Resources */ = {isa = PBXBuildFile; fileRef = FB72D07024D012D100BD926E /* 外星人.png */; };
		FB72D07324D0133E00BD926E /* 安全.png in Resources */ = {isa = PBXBuildFile; fileRef = FB72D07224D0133E00BD926E /* 安全.png */; };
		FB72D07524D0138B00BD926E /* ufo.png in Resources */ = {isa = PBXBuildFile; fileRef = FB72D07424D0138B00BD926E /* ufo.png */; };
		FB72D07724D0141F00BD926E /* plz.jpg in Resources */ = {isa = PBXBuildFile; fileRef = FB72D07624D0141F00BD926E /* plz.jpg */; };
		FB72D07A24D0175A00BD926E /* miley.png in Resources */ = {isa = PBXBuildFile; fileRef = FB72D07824D0175A00BD926E /* miley.png */; };
		FB72D07B24D0175A00BD926E /* tx.png in Resources */ = {isa = PBXBuildFile; fileRef = FB72D07924D0175A00BD926E /* tx.png */; };
		FB72D07E24D0193F00BD926E /* tx2.png in Resources */ = {isa = PBXBuildFile; fileRef = FB72D07C24D0193E00BD926E /* tx2.png */; };
		FB72D07F24D0193F00BD926E /* pass.png in Resources */ = {isa = PBXBuildFile; fileRef = FB72D07D24D0193F00BD926E /* pass.png */; };
		FB72D08124D01C0200BD926E /* gogogo2.jpg in Resources */ = {isa = PBXBuildFile; fileRef = FB72D08024D01C0200BD926E /* gogogo2.jpg */; };
		FB72D08424D01C3100BD926E /* HomeViewController.m in Sources */ = {isa = PBXBuildFile; fileRef = FB72D08324D01C3100BD926E /* HomeViewController.m */; };
		FB72D08724D01CFB00BD926E /* RegisterViewController.m in Sources */ = {isa = PBXBuildFile; fileRef = FB72D08624D01CFB00BD926E /* RegisterViewController.m */; };
		FB72D08A24D020A200BD926E /* pass2.png in Resources */ = {isa = PBXBuildFile; fileRef = FB72D08824D020A100BD926E /* pass2.png */; };
		FB72D08B24D020A200BD926E /* tx3.png in Resources */ = {isa = PBXBuildFile; fileRef = FB72D08924D020A200BD926E /* tx3.png */; };
		FB72D09124D05CC100BD926E /* HomeTableViewCell.m in Sources */ = {isa = PBXBuildFile; fileRef = FB72D09024D05CC100BD926E /* HomeTableViewCell.m */; };
		FB72D09424D0955900BD926E /* AddViewController.m in Sources */ = {isa = PBXBuildFile; fileRef = FB72D09324D0955900BD926E /* AddViewController.m */; };
		FB72D09724D0FED300BD926E /* DeleteViewController.m in Sources */ = {isa = PBXBuildFile; fileRef = FB72D09624D0FED300BD926E /* DeleteViewController.m */; };
		FB72D09A24D0FEE800BD926E /* ChangeViewController.m in Sources */ = {isa = PBXBuildFile; fileRef = FB72D09924D0FEE800BD926E /* ChangeViewController.m */; };
		FB72D09D24D0FEF900BD926E /* FindViewController.m in Sources */ = {isa = PBXBuildFile; fileRef = FB72D09C24D0FEF900BD926E /* FindViewController.m */; };
		FB72D0A424D1136800BD926E /* 退出.png in Resources */ = {isa = PBXBuildFile; fileRef = FB72D0A324D1136800BD926E /* 退出.png */; };
		FB72D0A624D15EEC00BD926E /* 文件.png in Resources */ = {isa = PBXBuildFile; fileRef = FB72D0A524D15EEC00BD926E /* 文件.png */; };
		FB72D0A824D1604000BD926E /* sure.png in Resources */ = {isa = PBXBuildFile; fileRef = FB72D0A724D1604000BD926E /* sure.png */; };
		FB72D0AB24D166C000BD926E /* Student.m in Sources */ = {isa = PBXBuildFile; fileRef = FB72D0AA24D166C000BD926E /* Student.m */; };
		FB72D0AD24D1AFE700BD926E /* sure2.png in Resources */ = {isa = PBXBuildFile; fileRef = FB72D0AC24D1AFE700BD926E /* sure2.png */; };
		FB72D0B224D25B5C00BD926E /* sure3.png in Resources */ = {isa = PBXBuildFile; fileRef = FB72D0B124D25B5C00BD926E /* sure3.png */; };
		FB72D0B824D25F5D00BD926E /* Find2ViewController.m in Sources */ = {isa = PBXBuildFile; fileRef = FB72D0B724D25F5D00BD926E /* Find2ViewController.m */; };
		FB72D0BD24D2A80800BD926E /* sure4.png in Resources */ = {isa = PBXBuildFile; fileRef = FB72D0BC24D2A80800BD926E /* sure4.png */; };
		FB72D0BF24D2B37A00BD926E /* 11.png in Resources */ = {isa = PBXBuildFile; fileRef = FB72D0BE24D2B37A00BD926E /* 11.png */; };
		FB72D0C124D2B53100BD926E /* 分数.png in Resources */ = {isa = PBXBuildFile; fileRef = FB72D0C024D2B53100BD926E /* 分数.png */; };
		FB72D0C324D2EEE500BD926E /* 返回.png in Resources */ = {isa = PBXBuildFile; fileRef = FB72D0C224D2EEE400BD926E /* 返回.png */; };
		FB72D0C524D39FBD00BD926E /* 返回1.png in Resources */ = {isa = PBXBuildFile; fileRef = FB72D0C424D39FBD00BD926E /* 返回1.png */; };
		FB72D0C724D3A1EA00BD926E /* 返回2.png in Resources */ = {isa = PBXBuildFile; fileRef = FB72D0C624D3A1E900BD926E /* 返回2.png */; };
		FB72D0C924D3A2B400BD926E /* 返回3.png in Resources */ = {isa = PBXBuildFile; fileRef = FB72D0C824D3A2B400BD926E /* 返回3.png */; };
/* End PBXBuildFile section */

/* Begin PBXContainerItemProxy section */
		FB550F8924D00286002CAC81 /* PBXContainerItemProxy */ = {
			isa = PBXContainerItemProxy;
			containerPortal = FB550F6524D00282002CAC81 /* Project object */;
			proxyType = 1;
			remoteGlobalIDString = FB550F6C24D00282002CAC81;
			remoteInfo = "学生管理系统";
		};
		FB550F9424D00286002CAC81 /* PBXContainerItemProxy */ = {
			isa = PBXContainerItemProxy;
			containerPortal = FB550F6524D00282002CAC81 /* Project object */;
			proxyType = 1;
			remoteGlobalIDString = FB550F6C24D00282002CAC81;
			remoteInfo = "学生管理系统";
		};
/* End PBXContainerItemProxy section */

/* Begin PBXFileReference section */
		FB550F6D24D00282002CAC81 /* 学生管理系统.app */ = {isa = PBXFileReference; explicitFileType = wrapper.application; includeInIndex = 0; path = "学生管理系统.app"; sourceTree = BUILT_PRODUCTS_DIR; };
		FB550F7024D00282002CAC81 /* AppDelegate.h */ = {isa = PBXFileReference; lastKnownFileType = sourcecode.c.h; path = AppDelegate.h; sourceTree = "<group>"; };
		FB550F7124D00282002CAC81 /* AppDelegate.m */ = {isa = PBXFileReference; lastKnownFileType = sourcecode.c.objc; path = AppDelegate.m; sourceTree = "<group>"; };
		FB550F7324D00282002CAC81 /* SceneDelegate.h */ = {isa = PBXFileReference; lastKnownFileType = sourcecode.c.h; path = SceneDelegate.h; sourceTree = "<group>"; };
		FB550F7424D00282002CAC81 /* SceneDelegate.m */ = {isa = PBXFileReference; lastKnownFileType = sourcecode.c.objc; path = SceneDelegate.m; sourceTree = "<group>"; };
		FB550F7A24D00282002CAC81 /* Base */ = {isa = PBXFileReference; lastKnownFileType = file.storyboard; name = Base; path = Base.lproj/Main.storyboard; sourceTree = "<group>"; };
		FB550F7C24D00286002CAC81 /* Assets.xcassets */ = {isa = PBXFileReference; lastKnownFileType = folder.assetcatalog; path = Assets.xcassets; sourceTree = "<group>"; };
		FB550F7F24D00286002CAC81 /* Base */ = {isa = PBXFileReference; lastKnownFileType = file.storyboard; name = Base; path = Base.lproj/LaunchScreen.storyboard; sourceTree = "<group>"; };
		FB550F8124D00286002CAC81 /* Info.plist */ = {isa = PBXFileReference; lastKnownFileType = text.plist.xml; path = Info.plist; sourceTree = "<group>"; };
		FB550F8224D00286002CAC81 /* main.m */ = {isa = PBXFileReference; lastKnownFileType = sourcecode.c.objc; path = main.m; sourceTree = "<group>"; };
		FB550F8824D00286002CAC81 /* 学生管理系统Tests.xctest */ = {isa = PBXFileReference; explicitFileType = wrapper.cfbundle; includeInIndex = 0; path = "学生管理系统Tests.xctest"; sourceTree = BUILT_PRODUCTS_DIR; };
		FB550F8C24D00286002CAC81 /* ______Tests.m */ = {isa = PBXFileReference; lastKnownFileType = sourcecode.c.objc; path = "______Tests.m"; sourceTree = "<group>"; };
		FB550F8E24D00286002CAC81 /* Info.plist */ = {isa = PBXFileReference; lastKnownFileType = text.plist.xml; path = Info.plist; sourceTree = "<group>"; };
		FB550F9324D00286002CAC81 /* 学生管理系统UITests.xctest */ = {isa = PBXFileReference; explicitFileType = wrapper.cfbundle; includeInIndex = 0; path = "学生管理系统UITests.xctest"; sourceTree = BUILT_PRODUCTS_DIR; };
		FB550F9724D00286002CAC81 /* ______UITests.m */ = {isa = PBXFileReference; lastKnownFileType = sourcecode.c.objc; path = "______UITests.m"; sourceTree = "<group>"; };
		FB550F9924D00286002CAC81 /* Info.plist */ = {isa = PBXFileReference; lastKnownFileType = text.plist.xml; path = Info.plist; sourceTree = "<group>"; };
		FB72D06224D0069700BD926E /* StartViewController.h */ = {isa = PBXFileReference; lastKnownFileType = sourcecode.c.h; path = StartViewController.h; sourceTree = "<group>"; };
		FB72D06324D0069700BD926E /* StartViewController.m */ = {isa = PBXFileReference; lastKnownFileType = sourcecode.c.objc; path = StartViewController.m; sourceTree = "<group>"; };
		FB72D06524D006E700BD926E /* pengpengpeng.jpg */ = {isa = PBXFileReference; lastKnownFileType = image.jpeg; path = pengpengpeng.jpg; sourceTree = "<group>"; };
		FB72D06624D006E700BD926E /* gogogo.jpg */ = {isa = PBXFileReference; lastKnownFileType = image.jpeg; path = gogogo.jpg; sourceTree = "<group>"; };
		FB72D06924D0071E00BD926E /* LandViewController.h */ = {isa = PBXFileReference; lastKnownFileType = sourcecode.c.h; path = LandViewController.h; sourceTree = "<group>"; };
		FB72D06A24D0071E00BD926E /* LandViewController.m */ = {isa = PBXFileReference; lastKnownFileType = sourcecode.c.objc; path = LandViewController.m; sourceTree = "<group>"; };
		FB72D06C24D00B8300BD926E /* 笑脸.png */ = {isa = PBXFileReference; lastKnownFileType = image.png; path = "笑脸.png"; sourceTree = "<group>"; };
		FB72D06D24D00B8300BD926E /* 盾牌.png */ = {isa = PBXFileReference; lastKnownFileType = image.png; path = "盾牌.png"; sourceTree = "<group>"; };
		FB72D07024D012D100BD926E /* 外星人.png */ = {isa = PBXFileReference; lastKnownFileType = image.png; path = "外星人.png"; sourceTree = "<group>"; };
		FB72D07224D0133E00BD926E /* 安全.png */ = {isa = PBXFileReference; lastKnownFileType = image.png; path = "安全.png"; sourceTree = "<group>"; };
		FB72D07424D0138B00BD926E /* ufo.png */ = {isa = PBXFileReference; lastKnownFileType = image.png; path = ufo.png; sourceTree = "<group>"; };
		FB72D07624D0141F00BD926E /* plz.jpg */ = {isa = PBXFileReference; lastKnownFileType = image.jpeg; path = plz.jpg; sourceTree = "<group>"; };
		FB72D07824D0175A00BD926E /* miley.png */ = {isa = PBXFileReference; lastKnownFileType = image.png; path = miley.png; sourceTree = "<group>"; };
		FB72D07924D0175A00BD926E /* tx.png */ = {isa = PBXFileReference; lastKnownFileType = image.png; path = tx.png; sourceTree = "<group>"; };
		FB72D07C24D0193E00BD926E /* tx2.png */ = {isa = PBXFileReference; lastKnownFileType = image.png; path = tx2.png; sourceTree = "<group>"; };
		FB72D07D24D0193F00BD926E /* pass.png */ = {isa = PBXFileReference; lastKnownFileType = image.png; path = pass.png; sourceTree = "<group>"; };
		FB72D08024D01C0200BD926E /* gogogo2.jpg */ = {isa = PBXFileReference; lastKnownFileType = image.jpeg; path = gogogo2.jpg; sourceTree = "<group>"; };
		FB72D08224D01C3100BD926E /* HomeViewController.h */ = {isa = PBXFileReference; lastKnownFileType = sourcecode.c.h; path = HomeViewController.h; sourceTree = "<group>"; };
		FB72D08324D01C3100BD926E /* HomeViewController.m */ = {isa = PBXFileReference; lastKnownFileType = sourcecode.c.objc; path = HomeViewController.m; sourceTree = "<group>"; };
		FB72D08524D01CFB00BD926E /* RegisterViewController.h */ = {isa = PBXFileReference; lastKnownFileType = sourcecode.c.h; path = RegisterViewController.h; sourceTree = "<group>"; };
		FB72D08624D01CFB00BD926E /* RegisterViewController.m */ = {isa = PBXFileReference; lastKnownFileType = sourcecode.c.objc; path = RegisterViewController.m; sourceTree = "<group>"; };
		FB72D08824D020A100BD926E /* pass2.png */ = {isa = PBXFileReference; lastKnownFileType = image.png; path = pass2.png; sourceTree = "<group>"; };
		FB72D08924D020A200BD926E /* tx3.png */ = {isa = PBXFileReference; lastKnownFileType = image.png; path = tx3.png; sourceTree = "<group>"; };
		FB72D08F24D05CC100BD926E /* HomeTableViewCell.h */ = {isa = PBXFileReference; lastKnownFileType = sourcecode.c.h; path = HomeTableViewCell.h; sourceTree = "<group>"; };
		FB72D09024D05CC100BD926E /* HomeTableViewCell.m */ = {isa = PBXFileReference; lastKnownFileType = sourcecode.c.objc; path = HomeTableViewCell.m; sourceTree = "<group>"; };
		FB72D09224D0955900BD926E /* AddViewController.h */ = {isa = PBXFileReference; lastKnownFileType = sourcecode.c.h; path = AddViewController.h; sourceTree = "<group>"; };
		FB72D09324D0955900BD926E /* AddViewController.m */ = {isa = PBXFileReference; lastKnownFileType = sourcecode.c.objc; path = AddViewController.m; sourceTree = "<group>"; };
		FB72D09524D0FED300BD926E /* DeleteViewController.h */ = {isa = PBXFileReference; lastKnownFileType = sourcecode.c.h; path = DeleteViewController.h; sourceTree = "<group>"; };
		FB72D09624D0FED300BD926E /* DeleteViewController.m */ = {isa = PBXFileReference; lastKnownFileType = sourcecode.c.objc; path = DeleteViewController.m; sourceTree = "<group>"; };
		FB72D09824D0FEE800BD926E /* ChangeViewController.h */ = {isa = PBXFileReference; lastKnownFileType = sourcecode.c.h; path = ChangeViewController.h; sourceTree = "<group>"; };
		FB72D09924D0FEE800BD926E /* ChangeViewController.m */ = {isa = PBXFileReference; lastKnownFileType = sourcecode.c.objc; path = ChangeViewController.m; sourceTree = "<group>"; };
		FB72D09B24D0FEF900BD926E /* FindViewController.h */ = {isa = PBXFileReference; lastKnownFileType = sourcecode.c.h; path = FindViewController.h; sourceTree = "<group>"; };
		FB72D09C24D0FEF900BD926E /* FindViewController.m */ = {isa = PBXFileReference; lastKnownFileType = sourcecode.c.objc; path = FindViewController.m; sourceTree = "<group>"; };
		FB72D0A324D1136800BD926E /* 退出.png */ = {isa = PBXFileReference; lastKnownFileType = image.png; path = "退出.png"; sourceTree = "<group>"; };
		FB72D0A524D15EEC00BD926E /* 文件.png */ = {isa = PBXFileReference; lastKnownFileType = image.png; path = "文件.png"; sourceTree = "<group>"; };
		FB72D0A724D1604000BD926E /* sure.png */ = {isa = PBXFileReference; lastKnownFileType = image.png; path = sure.png; sourceTree = "<group>"; };
		FB72D0A924D166C000BD926E /* Student.h */ = {isa = PBXFileReference; lastKnownFileType = sourcecode.c.h; path = Student.h; sourceTree = "<group>"; };
		FB72D0AA24D166C000BD926E /* Student.m */ = {isa = PBXFileReference; lastKnownFileType = sourcecode.c.objc; path = Student.m; sourceTree = "<group>"; };
		FB72D0AC24D1AFE700BD926E /* sure2.png */ = {isa = PBXFileReference; lastKnownFileType = image.png; path = sure2.png; sourceTree = "<group>"; };
		FB72D0B124D25B5C00BD926E /* sure3.png */ = {isa = PBXFileReference; lastKnownFileType = image.png; path = sure3.png; sourceTree = "<group>"; };
		FB72D0B624D25F5D00BD926E /* Find2ViewController.h */ = {isa = PBXFileReference; lastKnownFileType = sourcecode.c.h; path = Find2ViewController.h; sourceTree = "<group>"; };
		FB72D0B724D25F5D00BD926E /* Find2ViewController.m */ = {isa = PBXFileReference; lastKnownFileType = sourcecode.c.objc; path = Find2ViewController.m; sourceTree = "<group>"; };
		FB72D0BC24D2A80800BD926E /* sure4.png */ = {isa = PBXFileReference; lastKnownFileType = image.png; path = sure4.png; sourceTree = "<group>"; };
		FB72D0BE24D2B37A00BD926E /* 11.png */ = {isa = PBXFileReference; lastKnownFileType = image.png; path = 11.png; sourceTree = "<group>"; };
		FB72D0C024D2B53100BD926E /* 分数.png */ = {isa = PBXFileReference; lastKnownFileType = image.png; path = "分数.png"; sourceTree = "<group>"; };
		FB72D0C224D2EEE400BD926E /* 返回.png */ = {isa = PBXFileReference; lastKnownFileType = image.png; path = "返回.png"; sourceTree = "<group>"; };
		FB72D0C424D39FBD00BD926E /* 返回1.png */ = {isa = PBXFileReference; lastKnownFileType = image.png; path = "返回1.png"; sourceTree = "<group>"; };
		FB72D0C624D3A1E900BD926E /* 返回2.png */ = {isa = PBXFileReference; lastKnownFileType = image.png; path = "返回2.png"; sourceTree = "<group>"; };
		FB72D0C824D3A2B400BD926E /* 返回3.png */ = {isa = PBXFileReference; lastKnownFileType = image.png; path = "返回3.png"; sourceTree = "<group>"; };
/* End PBXFileReference section */

/* Begin PBXFrameworksBuildPhase section */
		FB550F6A24D00282002CAC81 /* Frameworks */ = {
			isa = PBXFrameworksBuildPhase;
			buildActionMask = 2147483647;
			files = (
			);
			runOnlyForDeploymentPostprocessing = 0;
		};
		FB550F8524D00286002CAC81 /* Frameworks */ = {
			isa = PBXFrameworksBuildPhase;
			buildActionMask = 2147483647;
			files = (
			);
			runOnlyForDeploymentPostprocessing = 0;
		};
		FB550F9024D00286002CAC81 /* Frameworks */ = {
			isa = PBXFrameworksBuildPhase;
			buildActionMask = 2147483647;
			files = (
			);
			runOnlyForDeploymentPostprocessing = 0;
		};
/* End PBXFrameworksBuildPhase section */

/* Begin PBXGroup section */
		FB550F6424D00281002CAC81 = {
			isa = PBXGroup;
			children = (
				FB72D06624D006E700BD926E /* gogogo.jpg */,
				FB72D06524D006E700BD926E /* pengpengpeng.jpg */,
				FB72D06D24D00B8300BD926E /* 盾牌.png */,
				FB72D06C24D00B8300BD926E /* 笑脸.png */,
				FB72D07024D012D100BD926E /* 外星人.png */,
				FB72D07224D0133E00BD926E /* 安全.png */,
				FB72D08824D020A100BD926E /* pass2.png */,
				FB72D08924D020A200BD926E /* tx3.png */,
				FB72D07424D0138B00BD926E /* ufo.png */,
				FB72D07624D0141F00BD926E /* plz.jpg */,
				FB72D07824D0175A00BD926E /* miley.png */,
				FB72D07924D0175A00BD926E /* tx.png */,
				FB72D07D24D0193F00BD926E /* pass.png */,
				FB72D07C24D0193E00BD926E /* tx2.png */,
				FB72D08024D01C0200BD926E /* gogogo2.jpg */,
				FB72D0A324D1136800BD926E /* 退出.png */,
				FB72D0A524D15EEC00BD926E /* 文件.png */,
				FB72D0A724D1604000BD926E /* sure.png */,
				FB72D0AC24D1AFE700BD926E /* sure2.png */,
				FB72D0B124D25B5C00BD926E /* sure3.png */,
				FB72D0BC24D2A80800BD926E /* sure4.png */,
				FB72D0BE24D2B37A00BD926E /* 11.png */,
				FB72D0C024D2B53100BD926E /* 分数.png */,
				FB72D0C224D2EEE400BD926E /* 返回.png */,
				FB72D0C424D39FBD00BD926E /* 返回1.png */,
				FB72D0C624D3A1E900BD926E /* 返回2.png */,
				FB72D0C824D3A2B400BD926E /* 返回3.png */,
				FB550F6F24D00282002CAC81 /* 学生管理系统 */,
				FB550F8B24D00286002CAC81 /* 学生管理系统Tests */,
				FB550F9624D00286002CAC81 /* 学生管理系统UITests */,
				FB550F6E24D00282002CAC81 /* Products */,
			);
			sourceTree = "<group>";
		};
		FB550F6E24D00282002CAC81 /* Products */ = {
			isa = PBXGroup;
			children = (
				FB550F6D24D00282002CAC81 /* 学生管理系统.app */,
				FB550F8824D00286002CAC81 /* 学生管理系统Tests.xctest */,
				FB550F9324D00286002CAC81 /* 学生管理系统UITests.xctest */,
			);
			name = Products;
			sourceTree = "<group>";
		};
		FB550F6F24D00282002CAC81 /* 学生管理系统 */ = {
			isa = PBXGroup;
			children = (
				FB550F7024D00282002CAC81 /* AppDelegate.h */,
				FB550F7124D00282002CAC81 /* AppDelegate.m */,
				FB550F7324D00282002CAC81 /* SceneDelegate.h */,
				FB550F7424D00282002CAC81 /* SceneDelegate.m */,
				FB72D0A924D166C000BD926E /* Student.h */,
				FB72D0AA24D166C000BD926E /* Student.m */,
				FB72D0A224D0FF2E00BD926E /* Add */,
				FB72D0A124D0FF2300BD926E /* Delete */,
				FB72D0A024D0FF1C00BD926E /* Change */,
				FB72D09F24D0FF1500BD926E /* Find */,
				FB72D08C24D0418300BD926E /* Start */,
				FB72D08D24D056C900BD926E /* Home */,
				FB550F7924D00282002CAC81 /* Main.storyboard */,
				FB550F7C24D00286002CAC81 /* Assets.xcassets */,
				FB550F7E24D00286002CAC81 /* LaunchScreen.storyboard */,
				FB550F8124D00286002CAC81 /* Info.plist */,
				FB550F8224D00286002CAC81 /* main.m */,
			);
			path = "学生管理系统";
			sourceTree = "<group>";
		};
		FB550F8B24D00286002CAC81 /* 学生管理系统Tests */ = {
			isa = PBXGroup;
			children = (
				FB550F8C24D00286002CAC81 /* ______Tests.m */,
				FB550F8E24D00286002CAC81 /* Info.plist */,
			);
			path = "学生管理系统Tests";
			sourceTree = "<group>";
		};
		FB550F9624D00286002CAC81 /* 学生管理系统UITests */ = {
			isa = PBXGroup;
			children = (
				FB550F9724D00286002CAC81 /* ______UITests.m */,
				FB550F9924D00286002CAC81 /* Info.plist */,
			);
			path = "学生管理系统UITests";
			sourceTree = "<group>";
		};
		FB72D08C24D0418300BD926E /* Start */ = {
			isa = PBXGroup;
			children = (
				FB72D06224D0069700BD926E /* StartViewController.h */,
				FB72D06324D0069700BD926E /* StartViewController.m */,
				FB72D06924D0071E00BD926E /* LandViewController.h */,
				FB72D06A24D0071E00BD926E /* LandViewController.m */,
				FB72D08524D01CFB00BD926E /* RegisterViewController.h */,
				FB72D08624D01CFB00BD926E /* RegisterViewController.m */,
			);
			path = Start;
			sourceTree = "<group>";
		};
		FB72D08D24D056C900BD926E /* Home */ = {
			isa = PBXGroup;
			children = (
				FB72D08224D01C3100BD926E /* HomeViewController.h */,
				FB72D08324D01C3100BD926E /* HomeViewController.m */,
				FB72D08F24D05CC100BD926E /* HomeTableViewCell.h */,
				FB72D09024D05CC100BD926E /* HomeTableViewCell.m */,
			);
			path = Home;
			sourceTree = "<group>";
		};
		FB72D09F24D0FF1500BD926E /* Find */ = {
			isa = PBXGroup;
			children = (
				FB72D09B24D0FEF900BD926E /* FindViewController.h */,
				FB72D09C24D0FEF900BD926E /* FindViewController.m */,
				FB72D0B624D25F5D00BD926E /* Find2ViewController.h */,
				FB72D0B724D25F5D00BD926E /* Find2ViewController.m */,
			);
			path = Find;
			sourceTree = "<group>";
		};
		FB72D0A024D0FF1C00BD926E /* Change */ = {
			isa = PBXGroup;
			children = (
				FB72D09824D0FEE800BD926E /* ChangeViewController.h */,
				FB72D09924D0FEE800BD926E /* ChangeViewController.m */,
			);
			path = Change;
			sourceTree = "<group>";
		};
		FB72D0A124D0FF2300BD926E /* Delete */ = {
			isa = PBXGroup;
			children = (
				FB72D09524D0FED300BD926E /* DeleteViewController.h */,
				FB72D09624D0FED300BD926E /* DeleteViewController.m */,
			);
			path = Delete;
			sourceTree = "<group>";
		};
		FB72D0A224D0FF2E00BD926E /* Add */ = {
			isa = PBXGroup;
			children = (
				FB72D09224D0955900BD926E /* AddViewController.h */,
				FB72D09324D0955900BD926E /* AddViewController.m */,
			);
			path = Add;
			sourceTree = "<group>";
		};
/* End PBXGroup section */

/* Begin PBXNativeTarget section */
		FB550F6C24D00282002CAC81 /* 学生管理系统 */ = {
			isa = PBXNativeTarget;
			buildConfigurationList = FB550F9C24D00286002CAC81 /* Build configuration list for PBXNativeTarget "学生管理系统" */;
			buildPhases = (
				FB550F6924D00282002CAC81 /* Sources */,
				FB550F6A24D00282002CAC81 /* Frameworks */,
				FB550F6B24D00282002CAC81 /* Resources */,
			);
			buildRules = (
			);
			dependencies = (
			);
			name = "学生管理系统";
			productName = "学生管理系统";
			productReference = FB550F6D24D00282002CAC81 /* 学生管理系统.app */;
			productType = "com.apple.product-type.application";
		};
		FB550F8724D00286002CAC81 /* 学生管理系统Tests */ = {
			isa = PBXNativeTarget;
			buildConfigurationList = FB550F9F24D00286002CAC81 /* Build configuration list for PBXNativeTarget "学生管理系统Tests" */;
			buildPhases = (
				FB550F8424D00286002CAC81 /* Sources */,
				FB550F8524D00286002CAC81 /* Frameworks */,
				FB550F8624D00286002CAC81 /* Resources */,
			);
			buildRules = (
			);
			dependencies = (
				FB550F8A24D00286002CAC81 /* PBXTargetDependency */,
			);
			name = "学生管理系统Tests";
			productName = "学生管理系统Tests";
			productReference = FB550F8824D00286002CAC81 /* 学生管理系统Tests.xctest */;
			productType = "com.apple.product-type.bundle.unit-test";
		};
		FB550F9224D00286002CAC81 /* 学生管理系统UITests */ = {
			isa = PBXNativeTarget;
			buildConfigurationList = FB550FA224D00286002CAC81 /* Build configuration list for PBXNativeTarget "学生管理系统UITests" */;
			buildPhases = (
				FB550F8F24D00286002CAC81 /* Sources */,
				FB550F9024D00286002CAC81 /* Frameworks */,
				FB550F9124D00286002CAC81 /* Resources */,
			);
			buildRules = (
			);
			dependencies = (
				FB550F9524D00286002CAC81 /* PBXTargetDependency */,
			);
			name = "学生管理系统UITests";
			productName = "学生管理系统UITests";
			productReference = FB550F9324D00286002CAC81 /* 学生管理系统UITests.xctest */;
			productType = "com.apple.product-type.bundle.ui-testing";
		};
/* End PBXNativeTarget section */

/* Begin PBXProject section */
		FB550F6524D00282002CAC81 /* Project object */ = {
			isa = PBXProject;
			attributes = {
				LastUpgradeCheck = 1150;
				ORGANIZATIONNAME = "王旭";
				TargetAttributes = {
					FB550F6C24D00282002CAC81 = {
						CreatedOnToolsVersion = 11.5;
					};
					FB550F8724D00286002CAC81 = {
						CreatedOnToolsVersion = 11.5;
						TestTargetID = FB550F6C24D00282002CAC81;
					};
					FB550F9224D00286002CAC81 = {
						CreatedOnToolsVersion = 11.5;
						TestTargetID = FB550F6C24D00282002CAC81;
					};
				};
			};
			buildConfigurationList = FB550F6824D00282002CAC81 /* Build configuration list for PBXProject "学生管理系统" */;
			compatibilityVersion = "Xcode 9.3";
			developmentRegion = en;
			hasScannedForEncodings = 0;
			knownRegions = (
				en,
				Base,
			);
			mainGroup = FB550F6424D00281002CAC81;
			productRefGroup = FB550F6E24D00282002CAC81 /* Products */;
			projectDirPath = "";
			projectRoot = "";
			targets = (
				FB550F6C24D00282002CAC81 /* 学生管理系统 */,
				FB550F8724D00286002CAC81 /* 学生管理系统Tests */,
				FB550F9224D00286002CAC81 /* 学生管理系统UITests */,
			);
		};
/* End PBXProject section */

/* Begin PBXResourcesBuildPhase section */
		FB550F6B24D00282002CAC81 /* Resources */ = {
			isa = PBXResourcesBuildPhase;
			buildActionMask = 2147483647;
			files = (
				FB72D07E24D0193F00BD926E /* tx2.png in Resources */,
				FB72D07B24D0175A00BD926E /* tx.png in Resources */,
				FB72D07724D0141F00BD926E /* plz.jpg in Resources */,
				FB72D08B24D020A200BD926E /* tx3.png in Resources */,
				FB72D06E24D00B8300BD926E /* 笑脸.png in Resources */,
				FB72D07124D012D100BD926E /* 外星人.png in Resources */,
				FB550F8024D00286002CAC81 /* LaunchScreen.storyboard in Resources */,
				FB72D0BD24D2A80800BD926E /* sure4.png in Resources */,
				FB72D06724D006E700BD926E /* pengpengpeng.jpg in Resources */,
				FB72D0C924D3A2B400BD926E /* 返回3.png in Resources */,
				FB72D0B224D25B5C00BD926E /* sure3.png in Resources */,
				FB72D06F24D00B8300BD926E /* 盾牌.png in Resources */,
				FB550F7D24D00286002CAC81 /* Assets.xcassets in Resources */,
				FB72D0A624D15EEC00BD926E /* 文件.png in Resources */,
				FB72D0C324D2EEE500BD926E /* 返回.png in Resources */,
				FB72D0C124D2B53100BD926E /* 分数.png in Resources */,
				FB550F7B24D00282002CAC81 /* Main.storyboard in Resources */,
				FB72D07A24D0175A00BD926E /* miley.png in Resources */,
				FB72D0C524D39FBD00BD926E /* 返回1.png in Resources */,
				FB72D0C724D3A1EA00BD926E /* 返回2.png in Resources */,
				FB72D0BF24D2B37A00BD926E /* 11.png in Resources */,
				FB72D08A24D020A200BD926E /* pass2.png in Resources */,
				FB72D0A824D1604000BD926E /* sure.png in Resources */,
				FB72D07F24D0193F00BD926E /* pass.png in Resources */,
				FB72D07324D0133E00BD926E /* 安全.png in Resources */,
				FB72D0AD24D1AFE700BD926E /* sure2.png in Resources */,
				FB72D07524D0138B00BD926E /* ufo.png in Resources */,
				FB72D0A424D1136800BD926E /* 退出.png in Resources */,
				FB72D08124D01C0200BD926E /* gogogo2.jpg in Resources */,
				FB72D06824D006E700BD926E /* gogogo.jpg in Resources */,
			);
			runOnlyForDeploymentPostprocessing = 0;
		};
		FB550F8624D00286002CAC81 /* Resources */ = {
			isa = PBXResourcesBuildPhase;
			buildActionMask = 2147483647;
			files = (
			);
			runOnlyForDeploymentPostprocessing = 0;
		};
		FB550F9124D00286002CAC81 /* Resources */ = {
			isa = PBXResourcesBuildPhase;
			buildActionMask = 2147483647;
			files = (
			);
			runOnlyForDeploymentPostprocessing = 0;
		};
/* End PBXResourcesBuildPhase section */

/* Begin PBXSourcesBuildPhase section */
		FB550F6924D00282002CAC81 /* Sources */ = {
			isa = PBXSourcesBuildPhase;
			buildActionMask = 2147483647;
			files = (
				FB72D0B824D25F5D00BD926E /* Find2ViewController.m in Sources */,
				FB550F7224D00282002CAC81 /* AppDelegate.m in Sources */,
				FB550F8324D00286002CAC81 /* main.m in Sources */,
				FB72D0AB24D166C000BD926E /* Student.m in Sources */,
				FB72D09124D05CC100BD926E /* HomeTableViewCell.m in Sources */,
				FB72D09D24D0FEF900BD926E /* FindViewController.m in Sources */,
				FB72D09A24D0FEE800BD926E /* ChangeViewController.m in Sources */,
				FB72D06424D0069700BD926E /* StartViewController.m in Sources */,
				FB550F7524D00282002CAC81 /* SceneDelegate.m in Sources */,
				FB72D08724D01CFB00BD926E /* RegisterViewController.m in Sources */,
				FB72D06B24D0071E00BD926E /* LandViewController.m in Sources */,
				FB72D08424D01C3100BD926E /* HomeViewController.m in Sources */,
				FB72D09424D0955900BD926E /* AddViewController.m in Sources */,
				FB72D09724D0FED300BD926E /* DeleteViewController.m in Sources */,
			);
			runOnlyForDeploymentPostprocessing = 0;
		};
		FB550F8424D00286002CAC81 /* Sources */ = {
			isa = PBXSourcesBuildPhase;
			buildActionMask = 2147483647;
			files = (
				FB550F8D24D00286002CAC81 /* ______Tests.m in Sources */,
			);
			runOnlyForDeploymentPostprocessing = 0;
		};
		FB550F8F24D00286002CAC81 /* Sources */ = {
			isa = PBXSourcesBuildPhase;
			buildActionMask = 2147483647;
			files = (
				FB550F9824D00286002CAC81 /* ______UITests.m in Sources */,
			);
			runOnlyForDeploymentPostprocessing = 0;
		};
/* End PBXSourcesBuildPhase section */

/* Begin PBXTargetDependency section */
		FB550F8A24D00286002CAC81 /* PBXTargetDependency */ = {
			isa = PBXTargetDependency;
			target = FB550F6C24D00282002CAC81 /* 学生管理系统 */;
			targetProxy = FB550F8924D00286002CAC81 /* PBXContainerItemProxy */;
		};
		FB550F9524D00286002CAC81 /* PBXTargetDependency */ = {
			isa = PBXTargetDependency;
			target = FB550F6C24D00282002CAC81 /* 学生管理系统 */;
			targetProxy = FB550F9424D00286002CAC81 /* PBXContainerItemProxy */;
		};
/* End PBXTargetDependency section */

/* Begin PBXVariantGroup section */
		FB550F7924D00282002CAC81 /* Main.storyboard */ = {
			isa = PBXVariantGroup;
			children = (
				FB550F7A24D00282002CAC81 /* Base */,
			);
			name = Main.storyboard;
			sourceTree = "<group>";
		};
		FB550F7E24D00286002CAC81 /* LaunchScreen.storyboard */ = {
			isa = PBXVariantGroup;
			children = (
				FB550F7F24D00286002CAC81 /* Base */,
			);
			name = LaunchScreen.storyboard;
			sourceTree = "<group>";
		};
/* End PBXVariantGroup section */

/* Begin XCBuildConfiguration section */
		FB550F9A24D00286002CAC81 /* Debug */ = {
			isa = XCBuildConfiguration;
			buildSettings = {
				ALWAYS_SEARCH_USER_PATHS = NO;
				CLANG_ANALYZER_NONNULL = YES;
				CLANG_ANALYZER_NUMBER_OBJECT_CONVERSION = YES_AGGRESSIVE;
				CLANG_CXX_LANGUAGE_STANDARD = "gnu++14";
				CLANG_CXX_LIBRARY = "libc++";
				CLANG_ENABLE_MODULES = YES;
				CLANG_ENABLE_OBJC_ARC = YES;
				CLANG_ENABLE_OBJC_WEAK = YES;
				CLANG_WARN_BLOCK_CAPTURE_AUTORELEASING = YES;
				CLANG_WARN_BOOL_CONVERSION = YES;
				CLANG_WARN_COMMA = YES;
				CLANG_WARN_CONSTANT_CONVERSION = YES;
				CLANG_WARN_DEPRECATED_OBJC_IMPLEMENTATIONS = YES;
				CLANG_WARN_DIRECT_OBJC_ISA_USAGE = YES_ERROR;
				CLANG_WARN_DOCUMENTATION_COMMENTS = YES;
				CLANG_WARN_EMPTY_BODY = YES;
				CLANG_WARN_ENUM_CONVERSION = YES;
				CLANG_WARN_INFINITE_RECURSION = YES;
				CLANG_WARN_INT_CONVERSION = YES;
				CLANG_WARN_NON_LITERAL_NULL_CONVERSION = YES;
				CLANG_WARN_OBJC_IMPLICIT_RETAIN_SELF = YES;
				CLANG_WARN_OBJC_LITERAL_CONVERSION = YES;
				CLANG_WARN_OBJC_ROOT_CLASS = YES_ERROR;
				CLANG_WARN_RANGE_LOOP_ANALYSIS = YES;
				CLANG_WARN_STRICT_PROTOTYPES = YES;
				CLANG_WARN_SUSPICIOUS_MOVE = YES;
				CLANG_WARN_UNGUARDED_AVAILABILITY = YES_AGGRESSIVE;
				CLANG_WARN_UNREACHABLE_CODE = YES;
				CLANG_WARN__DUPLICATE_METHOD_MATCH = YES;
				COPY_PHASE_STRIP = NO;
				DEBUG_INFORMATION_FORMAT = dwarf;
				ENABLE_STRICT_OBJC_MSGSEND = YES;
				ENABLE_TESTABILITY = YES;
				GCC_C_LANGUAGE_STANDARD = gnu11;
				GCC_DYNAMIC_NO_PIC = NO;
				GCC_NO_COMMON_BLOCKS = YES;
				GCC_OPTIMIZATION_LEVEL = 0;
				GCC_PREPROCESSOR_DEFINITIONS = (
					"DEBUG=1",
					"$(inherited)",
				);
				GCC_WARN_64_TO_32_BIT_CONVERSION = YES;
				GCC_WARN_ABOUT_RETURN_TYPE = YES_ERROR;
				GCC_WARN_UNDECLARED_SELECTOR = YES;
				GCC_WARN_UNINITIALIZED_AUTOS = YES_AGGRESSIVE;
				GCC_WARN_UNUSED_FUNCTION = YES;
				GCC_WARN_UNUSED_VARIABLE = YES;
				IPHONEOS_DEPLOYMENT_TARGET = 13.5;
				MTL_ENABLE_DEBUG_INFO = INCLUDE_SOURCE;
				MTL_FAST_MATH = YES;
				ONLY_ACTIVE_ARCH = YES;
				SDKROOT = iphoneos;
			};
			name = Debug;
		};
		FB550F9B24D00286002CAC81 /* Release */ = {
			isa = XCBuildConfiguration;
			buildSettings = {
				ALWAYS_SEARCH_USER_PATHS = NO;
				CLANG_ANALYZER_NONNULL = YES;
				CLANG_ANALYZER_NUMBER_OBJECT_CONVERSION = YES_AGGRESSIVE;
				CLANG_CXX_LANGUAGE_STANDARD = "gnu++14";
				CLANG_CXX_LIBRARY = "libc++";
				CLANG_ENABLE_MODULES = YES;
				CLANG_ENABLE_OBJC_ARC = YES;
				CLANG_ENABLE_OBJC_WEAK = YES;
				CLANG_WARN_BLOCK_CAPTURE_AUTORELEASING = YES;
				CLANG_WARN_BOOL_CONVERSION = YES;
				CLANG_WARN_COMMA = YES;
				CLANG_WARN_CONSTANT_CONVERSION = YES;
				CLANG_WARN_DEPRECATED_OBJC_IMPLEMENTATIONS = YES;
				CLANG_WARN_DIRECT_OBJC_ISA_USAGE = YES_ERROR;
				CLANG_WARN_DOCUMENTATION_COMMENTS = YES;
				CLANG_WARN_EMPTY_BODY = YES;
				CLANG_WARN_ENUM_CONVERSION = YES;
				CLANG_WARN_INFINITE_RECURSION = YES;
				CLANG_WARN_INT_CONVERSION = YES;
				CLANG_WARN_NON_LITERAL_NULL_CONVERSION = YES;
				CLANG_WARN_OBJC_IMPLICIT_RETAIN_SELF = YES;
				CLANG_WARN_OBJC_LITERAL_CONVERSION = YES;
				CLANG_WARN_OBJC_ROOT_CLASS = YES_ERROR;
				CLANG_WARN_RANGE_LOOP_ANALYSIS = YES;
				CLANG_WARN_STRICT_PROTOTYPES = YES;
				CLANG_WARN_SUSPICIOUS_MOVE = YES;
				CLANG_WARN_UNGUARDED_AVAILABILITY = YES_AGGRESSIVE;
				CLANG_WARN_UNREACHABLE_CODE = YES;
				CLANG_WARN__DUPLICATE_METHOD_MATCH = YES;
				COPY_PHASE_STRIP = NO;
				DEBUG_INFORMATION_FORMAT = "dwarf-with-dsym";
				ENABLE_NS_ASSERTIONS = NO;
				ENABLE_STRICT_OBJC_MSGSEND = YES;
				GCC_C_LANGUAGE_STANDARD = gnu11;
				GCC_NO_COMMON_BLOCKS = YES;
				GCC_WARN_64_TO_32_BIT_CONVERSION = YES;
				GCC_WARN_ABOUT_RETURN_TYPE = YES_ERROR;
				GCC_WARN_UNDECLARED_SELECTOR = YES;
				GCC_WARN_UNINITIALIZED_AUTOS = YES_AGGRESSIVE;
				GCC_WARN_UNUSED_FUNCTION = YES;
				GCC_WARN_UNUSED_VARIABLE = YES;
				IPHONEOS_DEPLOYMENT_TARGET = 13.5;
				MTL_ENABLE_DEBUG_INFO = NO;
				MTL_FAST_MATH = YES;
				SDKROOT = iphoneos;
				VALIDATE_PRODUCT = YES;
			};
			name = Release;
		};
		FB550F9D24D00286002CAC81 /* Debug */ = {
			isa = XCBuildConfiguration;
			buildSettings = {
				ASSETCATALOG_COMPILER_APPICON_NAME = AppIcon;
				CODE_SIGN_STYLE = Automatic;
				INFOPLIST_FILE = "学生管理系统/Info.plist";
				LD_RUNPATH_SEARCH_PATHS = (
					"$(inherited)",
					"@executable_path/Frameworks",
				);
				PRODUCT_BUNDLE_IDENTIFIER = "com.ios.------";
				PRODUCT_NAME = "$(TARGET_NAME)";
				TARGETED_DEVICE_FAMILY = "1,2";
			};
			name = Debug;
		};
		FB550F9E24D00286002CAC81 /* Release */ = {
			isa = XCBuildConfiguration;
			buildSettings = {
				ASSETCATALOG_COMPILER_APPICON_NAME = AppIcon;
				CODE_SIGN_STYLE = Automatic;
				INFOPLIST_FILE = "学生管理系统/Info.plist";
				LD_RUNPATH_SEARCH_PATHS = (
					"$(inherited)",
					"@executable_path/Frameworks",
				);
				PRODUCT_BUNDLE_IDENTIFIER = "com.ios.------";
				PRODUCT_NAME = "$(TARGET_NAME)";
				TARGETED_DEVICE_FAMILY = "1,2";
			};
			name = Release;
		};
		FB550FA024D00286002CAC81 /* Debug */ = {
			isa = XCBuildConfiguration;
			buildSettings = {
				BUNDLE_LOADER = "$(TEST_HOST)";
				CODE_SIGN_STYLE = Automatic;
				INFOPLIST_FILE = "学生管理系统Tests/Info.plist";
				IPHONEOS_DEPLOYMENT_TARGET = 13.5;
				LD_RUNPATH_SEARCH_PATHS = (
					"$(inherited)",
					"@executable_path/Frameworks",
					"@loader_path/Frameworks",
				);
				PRODUCT_BUNDLE_IDENTIFIER = "com.ios.------Tests";
				PRODUCT_NAME = "$(TARGET_NAME)";
				TARGETED_DEVICE_FAMILY = "1,2";
				TEST_HOST = "$(BUILT_PRODUCTS_DIR)/学生管理系统.app/学生管理系统";
			};
			name = Debug;
		};
		FB550FA124D00286002CAC81 /* Release */ = {
			isa = XCBuildConfiguration;
			buildSettings = {
				BUNDLE_LOADER = "$(TEST_HOST)";
				CODE_SIGN_STYLE = Automatic;
				INFOPLIST_FILE = "学生管理系统Tests/Info.plist";
				IPHONEOS_DEPLOYMENT_TARGET = 13.5;
				LD_RUNPATH_SEARCH_PATHS = (
					"$(inherited)",
					"@executable_path/Frameworks",
					"@loader_path/Frameworks",
				);
				PRODUCT_BUNDLE_IDENTIFIER = "com.ios.------Tests";
				PRODUCT_NAME = "$(TARGET_NAME)";
				TARGETED_DEVICE_FAMILY = "1,2";
				TEST_HOST = "$(BUILT_PRODUCTS_DIR)/学生管理系统.app/学生管理系统";
			};
			name = Release;
		};
		FB550FA324D00286002CAC81 /* Debug */ = {
			isa = XCBuildConfiguration;
			buildSettings = {
				CODE_SIGN_STYLE = Automatic;
				INFOPLIST_FILE = "学生管理系统UITests/Info.plist";
				LD_RUNPATH_SEARCH_PATHS = (
					"$(inherited)",
					"@executable_path/Frameworks",
					"@loader_path/Frameworks",
				);
				PRODUCT_BUNDLE_IDENTIFIER = "com.ios.------UITests";
				PRODUCT_NAME = "$(TARGET_NAME)";
				TARGETED_DEVICE_FAMILY = "1,2";
				TEST_TARGET_NAME = "学生管理系统";
			};
			name = Debug;
		};
		FB550FA424D00286002CAC81 /* Release */ = {
			isa = XCBuildConfiguration;
			buildSettings = {
				CODE_SIGN_STYLE = Automatic;
				INFOPLIST_FILE = "学生管理系统UITests/Info.plist";
				LD_RUNPATH_SEARCH_PATHS = (
					"$(inherited)",
					"@executable_path/Frameworks",
					"@loader_path/Frameworks",
				);
				PRODUCT_BUNDLE_IDENTIFIER = "com.ios.------UITests";
				PRODUCT_NAME = "$(TARGET_NAME)";
				TARGETED_DEVICE_FAMILY = "1,2";
				TEST_TARGET_NAME = "学生管理系统";
			};
			name = Release;
		};
/* End XCBuildConfiguration section */

/* Begin XCConfigurationList section */
		FB550F6824D00282002CAC81 /* Build configuration list for PBXProject "学生管理系统" */ = {
			isa = XCConfigurationList;
			buildConfigurations = (
				FB550F9A24D00286002CAC81 /* Debug */,
				FB550F9B24D00286002CAC81 /* Release */,
			);
			defaultConfigurationIsVisible = 0;
			defaultConfigurationName = Release;
		};
		FB550F9C24D00286002CAC81 /* Build configuration list for PBXNativeTarget "学生管理系统" */ = {
			isa = XCConfigurationList;
			buildConfigurations = (
				FB550F9D24D00286002CAC81 /* Debug */,
				FB550F9E24D00286002CAC81 /* Release */,
			);
			defaultConfigurationIsVisible = 0;
			defaultConfigurationName = Release;
		};
		FB550F9F24D00286002CAC81 /* Build configuration list for PBXNativeTarget "学生管理系统Tests" */ = {
			isa = XCConfigurationList;
			buildConfigurations = (
				FB550FA024D00286002CAC81 /* Debug */,
				FB550FA124D00286002CAC81 /* Release */,
			);
			defaultConfigurationIsVisible = 0;
			defaultConfigurationName = Release;
		};
		FB550FA224D00286002CAC81 /* Build configuration list for PBXNativeTarget "学生管理系统UITests" */ = {
			isa = XCConfigurationList;
			buildConfigurations = (
				FB550FA324D00286002CAC81 /* Debug */,
				FB550FA424D00286002CAC81 /* Release */,
			);
			defaultConfigurationIsVisible = 0;
			defaultConfigurationName = Release;
		};
/* End XCConfigurationList section */
	};
	rootObject = FB550F6524D00282002CAC81 /* Project object */;
}
